
Microsoft Visual Studio Solution File, Format Version 12.00
# Visual Studio Version 16
VisualStudioVersion = 16.0.31019.35
MinimumVisualStudioVersion = 10.0.40219.1
Project("{2150E333-8FDC-42A3-9474-1A3956D46DE8}") = "ETicket", "ETicket", "{BCB59086-4300-4A20-A682-DF6C77F81509}"
EndProject
Project("{9A19103F-16F7-4668-BE54-9A1E7A4F7556}") = "ETicket.Web", "ETicket.Web\ETicket.Web.csproj", "{F64B3EA1-C2B6-4F1E-AD0D-B97914F26E67}"
EndProject
Project("{9A19103F-16F7-4668-BE54-9A1E7A4F7556}") = "ETicket.Domain", "ETicket.Domain\ETicket.Domain.csproj", "{D34592A7-699A-461E-B7ED-1FA3732421C1}"
EndProject
Project("{FAE04EC0-301F-11D3-BF4B-00C04F79EFBC}") = "ETicket.Repository", "ETicket.Repository\ETicket.Repository.csproj", "{5191D2CF-AF04-4F95-ABDC-795E1BA48FBD}"
EndProject
Project("{FAE04EC0-301F-11D3-BF4B-00C04F79EFBC}") = "ETicket.Services", "ETicket.Services\ETicket.Services.csproj", "{0837FDC7-5D72-4827-9C3F-AA11AE5BE613}"
EndProject
Global
	GlobalSection(SolutionConfigurationPlatforms) = preSolution
		Debug|Any CPU = Debug|Any CPU
		Release|Any CPU = Release|Any CPU
	EndGlobalSection
	GlobalSection(ProjectConfigurationPlatforms) = postSolution
		{F64B3EA1-C2B6-4F1E-AD0D-B97914F26E67}.Debug|Any CPU.ActiveCfg = Debug|Any CPU
		{F64B3EA1-C2B6-4F1E-AD0D-B97914F26E67}.Debug|Any CPU.Build.0 = Debug|Any CPU
		{F64B3EA1-C2B6-4F1E-AD0D-B97914F26E67}.Release|Any CPU.ActiveCfg = Release|Any CPU
		{F64B3EA1-C2B6-4F1E-AD0D-B97914F26E67}.Release|Any CPU.Build.0 = Release|Any CPU
		{D34592A7-699A-461E-B7ED-1FA3732421C1}.Debug|Any CPU.ActiveCfg = Debug|Any CPU
		{D34592A7-699A-461E-B7ED-1FA3732421C1}.Debug|Any CPU.Build.0 = Debug|Any CPU
		{D34592A7-699A-461E-B7ED-1FA3732421C1}.Release|Any CPU.ActiveCfg = Release|Any CPU
		{D34592A7-699A-461E-B7ED-1FA3732421C1}.Release|Any CPU.Build.0 = Release|Any CPU
		{5191D2CF-AF04-4F95-ABDC-795E1BA48FBD}.Debug|Any CPU.ActiveCfg = Debug|Any CPU
		{5191D2CF-AF04-4F95-ABDC-795E1BA48FBD}.Debug|Any CPU.Build.0 = Debug|Any CPU
		{5191D2CF-AF04-4F95-ABDC-795E1BA48FBD}.Release|Any CPU.ActiveCfg = Release|Any CPU
		{5191D2CF-AF04-4F95-ABDC-795E1BA48FBD}.Release|Any CPU.Build.0 = Release|Any CPU
		{0837FDC7-5D72-4827-9C3F-AA11AE5BE613}.Debug|Any CPU.ActiveCfg = Debug|Any CPU
		{0837FDC7-5D72-4827-9C3F-AA11AE5BE613}.Debug|Any CPU.Build.0 = Debug|Any CPU
		{0837FDC7-5D72-4827-9C3F-AA11AE5BE613}.Release|Any CPU.ActiveCfg = Release|Any CPU
		{0837FDC7-5D72-4827-9C3F-AA11AE5BE613}.Release|Any CPU.Build.0 = Release|Any CPU
	EndGlobalSection
	GlobalSection(SolutionProperties) = preSolution
		HideSolutionNode = FALSE
	EndGlobalSection
	GlobalSection(NestedProjects) = preSolution
		{F64B3EA1-C2B6-4F1E-AD0D-B97914F26E67} = {BCB59086-4300-4A20-A682-DF6C77F81509}
		{D34592A7-699A-461E-B7ED-1FA3732421C1} = {BCB59086-4300-4A20-A682-DF6C77F81509}
		{5191D2CF-AF04-4F95-ABDC-795E1BA48FBD} = {BCB59086-4300-4A20-A682-DF6C77F81509}
		{0837FDC7-5D72-4827-9C3F-AA11AE5BE613} = {BCB59086-4300-4A20-A682-DF6C77F81509}
	EndGlobalSection
	GlobalSection(ExtensibilityGlobals) = postSolution
		SolutionGuid = {8A3B194B-050B-4B24-9E46-34C47E2F7BBB}
	EndGlobalSection
EndGlobal
